
Microsoft Visual Studio Solution File, Format Version 12.00
# Visual Studio Version 16
VisualStudioVersion = 16.0.29613.14
MinimumVisualStudioVersion = 10.0.40219.1
Project("{FAE04EC0-301F-11D3-BF4B-00C04F79EFBC}") = "Get the Middle Character", "Get the Middle Character\Get the Middle Character.csproj", "{A6DD57FE-50F0-48D8-A241-76A688ADAF08}"
EndProject
Global
	GlobalSection(SolutionConfigurationPlatforms) = preSolution
		Debug|Any CPU = Debug|Any CPU
		Release|Any CPU = Release|Any CPU
	EndGlobalSection
	GlobalSection(ProjectConfigurationPlatforms) = postSolution
		{A6DD57FE-50F0-48D8-A241-76A688ADAF08}.Debug|Any CPU.ActiveCfg = Debug|Any CPU
		{A6DD57FE-50F0-48D8-A241-76A688ADAF08}.Debug|Any CPU.Build.0 = Debug|Any CPU
		{A6DD57FE-50F0-48D8-A241-76A688ADAF08}.Release|Any CPU.ActiveCfg = Release|Any CPU
		{A6DD57FE-50F0-48D8-A241-76A688ADAF08}.Release|Any CPU.Build.0 = Release|Any CPU
	EndGlobalSection
	GlobalSection(SolutionProperties) = preSolution
		HideSolutionNode = FALSE
	EndGlobalSection
	GlobalSection(ExtensibilityGlobals) = postSolution
		SolutionGuid = {059D4CBA-FCF6-4626-BC09-34D5CC7CA795}
	EndGlobalSection
EndGlobal
