
Microsoft Visual Studio Solution File, Format Version 12.00
# Visual Studio Version 16
VisualStudioVersion = 16.0.29613.14
MinimumVisualStudioVersion = 10.0.40219.1
Project("{FAE04EC0-301F-11D3-BF4B-00C04F79EFBC}") = "Exes and Ohs", "Exes and Ohs\Exes and Ohs.csproj", "{21A8C5F1-99F6-4490-82EE-E04F73883536}"
EndProject
Global
	GlobalSection(SolutionConfigurationPlatforms) = preSolution
		Debug|Any CPU = Debug|Any CPU
		Release|Any CPU = Release|Any CPU
	EndGlobalSection
	GlobalSection(ProjectConfigurationPlatforms) = postSolution
		{21A8C5F1-99F6-4490-82EE-E04F73883536}.Debug|Any CPU.ActiveCfg = Debug|Any CPU
		{21A8C5F1-99F6-4490-82EE-E04F73883536}.Debug|Any CPU.Build.0 = Debug|Any CPU
		{21A8C5F1-99F6-4490-82EE-E04F73883536}.Release|Any CPU.ActiveCfg = Release|Any CPU
		{21A8C5F1-99F6-4490-82EE-E04F73883536}.Release|Any CPU.Build.0 = Release|Any CPU
	EndGlobalSection
	GlobalSection(SolutionProperties) = preSolution
		HideSolutionNode = FALSE
	EndGlobalSection
	GlobalSection(ExtensibilityGlobals) = postSolution
		SolutionGuid = {E27BC30C-0472-4327-9419-F3B54CF06EB8}
	EndGlobalSection
EndGlobal
