
Microsoft Visual Studio Solution File, Format Version 12.00
# Visual Studio Version 16
VisualStudioVersion = 16.0.29613.14
MinimumVisualStudioVersion = 10.0.40219.1
Project("{FAE04EC0-301F-11D3-BF4B-00C04F79EFBC}") = "Your order, please", "Your order, please\Your order, please.csproj", "{A65E2127-7030-4005-A397-152CC7954243}"
EndProject
Global
	GlobalSection(SolutionConfigurationPlatforms) = preSolution
		Debug|Any CPU = Debug|Any CPU
		Release|Any CPU = Release|Any CPU
	EndGlobalSection
	GlobalSection(ProjectConfigurationPlatforms) = postSolution
		{A65E2127-7030-4005-A397-152CC7954243}.Debug|Any CPU.ActiveCfg = Debug|Any CPU
		{A65E2127-7030-4005-A397-152CC7954243}.Debug|Any CPU.Build.0 = Debug|Any CPU
		{A65E2127-7030-4005-A397-152CC7954243}.Release|Any CPU.ActiveCfg = Release|Any CPU
		{A65E2127-7030-4005-A397-152CC7954243}.Release|Any CPU.Build.0 = Release|Any CPU
	EndGlobalSection
	GlobalSection(SolutionProperties) = preSolution
		HideSolutionNode = FALSE
	EndGlobalSection
	GlobalSection(ExtensibilityGlobals) = postSolution
		SolutionGuid = {C4E02A69-AEA9-4A80-93CD-33937187E410}
	EndGlobalSection
EndGlobal
