
Microsoft Visual Studio Solution File, Format Version 12.00
# Visual Studio Version 16
VisualStudioVersion = 16.0.29613.14
MinimumVisualStudioVersion = 10.0.40219.1
Project("{FAE04EC0-301F-11D3-BF4B-00C04F79EFBC}") = "Build Tower", "Build Tower\Build Tower.csproj", "{53DCAF52-496A-4AAA-92EA-D47EB74774DC}"
EndProject
Global
	GlobalSection(SolutionConfigurationPlatforms) = preSolution
		Debug|Any CPU = Debug|Any CPU
		Release|Any CPU = Release|Any CPU
	EndGlobalSection
	GlobalSection(ProjectConfigurationPlatforms) = postSolution
		{53DCAF52-496A-4AAA-92EA-D47EB74774DC}.Debug|Any CPU.ActiveCfg = Debug|Any CPU
		{53DCAF52-496A-4AAA-92EA-D47EB74774DC}.Debug|Any CPU.Build.0 = Debug|Any CPU
		{53DCAF52-496A-4AAA-92EA-D47EB74774DC}.Release|Any CPU.ActiveCfg = Release|Any CPU
		{53DCAF52-496A-4AAA-92EA-D47EB74774DC}.Release|Any CPU.Build.0 = Release|Any CPU
	EndGlobalSection
	GlobalSection(SolutionProperties) = preSolution
		HideSolutionNode = FALSE
	EndGlobalSection
	GlobalSection(ExtensibilityGlobals) = postSolution
		SolutionGuid = {D0FAA165-D42E-4A28-9881-F9BEAC78FF6B}
	EndGlobalSection
EndGlobal
